
Microsoft Visual Studio Solution File, Format Version 12.00
# Visual Studio Version 17
VisualStudioVersion = 17.5.33516.290
MinimumVisualStudioVersion = 10.0.40219.1
Project("{FAE04EC0-301F-11D3-BF4B-00C04F79EFBC}") = "Clock App", "Clock App\Clock App.csproj", "{621FE591-A237-4983-B3A4-D7DDBFFA3912}"
EndProject
Global
	GlobalSection(SolutionConfigurationPlatforms) = preSolution
		Debug|Any CPU = Debug|Any CPU
		Release|Any CPU = Release|Any CPU
	EndGlobalSection
	GlobalSection(ProjectConfigurationPlatforms) = postSolution
		{621FE591-A237-4983-B3A4-D7DDBFFA3912}.Debug|Any CPU.ActiveCfg = Debug|Any CPU
		{621FE591-A237-4983-B3A4-D7DDBFFA3912}.Debug|Any CPU.Build.0 = Debug|Any CPU
		{621FE591-A237-4983-B3A4-D7DDBFFA3912}.Release|Any CPU.ActiveCfg = Release|Any CPU
		{621FE591-A237-4983-B3A4-D7DDBFFA3912}.Release|Any CPU.Build.0 = Release|Any CPU
	EndGlobalSection
	GlobalSection(SolutionProperties) = preSolution
		HideSolutionNode = FALSE
	EndGlobalSection
	GlobalSection(ExtensibilityGlobals) = postSolution
		SolutionGuid = {A1CDFE52-B24B-4CC2-BBBF-F14AACC7D696}
	EndGlobalSection
EndGlobal
